# This file was autogenerated by Stack.
# You should not edit this file by hand.
# For more information, please see the documentation at:
#   https://docs.haskellstack.org/en/stable/lock_files

packages:
- completed:
    cabal-file:
      size: 8525
      sha256: 0e35e25c3be7bd27042ecbee00b2bb30fcb174305994b3d8c5f2a62dca17a3aa
    name: reflex
    version: '0.5'
    git: https://github.com/reflex-frp/reflex.git
    pantry-tree:
      size: 4909
      sha256: 699ca2f2b425be23b4874e64755842c237a79f58a026176b6862985d6dac4272
    commit: 59ef31edc761109dbe1fc9489af6c620e6bea31e
  original:
    git: https://github.com/reflex-frp/reflex.git
    commit: 59ef31edc761109dbe1fc9489af6c620e6bea31e
- completed:
    subdir: reflex-dom
    cabal-file:
      size: 4809
      sha256: 82ec2bd85e4c1b28177d46354f9a06fe5c14a0b71b47a99fbb578600ae168e0e
    name: reflex-dom
    version: '0.4'
    git: https://github.com/reflex-frp/reflex-dom.git
    pantry-tree:
      size: 807
      sha256: 043ba010e604e1a82437a038031f1d97cf842e7e7ebe6842fefa11e8bad6fc93
    commit: 8bde2d72193369c92a995820ca1f56690d3c8ec3
  original:
    subdir: reflex-dom
    git: https://github.com/reflex-frp/reflex-dom.git
    commit: 8bde2d72193369c92a995820ca1f56690d3c8ec3
- completed:
    subdir: reflex-dom-core
    cabal-file:
      size: 5114
      sha256: cdabf1e6cb64787923a4a704354da98de8d49460793e2a24fb2d2b715f2ecddb
    name: reflex-dom-core
    version: '0.4'
    git: https://github.com/reflex-frp/reflex-dom.git
    pantry-tree:
      size: 2853
      sha256: ea20e714c6804453757de5cb43b8f6825ba886167fafa11dbbc7e704560ecce8
    commit: 8bde2d72193369c92a995820ca1f56690d3c8ec3
  original:
    subdir: reflex-dom-core
    git: https://github.com/reflex-frp/reflex-dom.git
    commit: 8bde2d72193369c92a995820ca1f56690d3c8ec3
- completed:
    hackage: raw-strings-qq-1.1@sha256:3ea0f14f036649e3576749aef0db4dd0b1102c5331f2e0e2551250e2030ce669,1467
    pantry-tree:
      size: 379
      sha256: 473e62ea5320c8734f66049e48b308dd0ab197c6d3071c8ca1a828b05b7536ae
  original:
    hackage: raw-strings-qq-1.1
- completed:
    hackage: monoidal-containers-0.4.0.0@sha256:4d7a7aac9fb565c0f5bfe485d714afccdef5c914709f51e0465acfed66c9a2a2,2166
    pantry-tree:
      size: 423
      sha256: 51b1ed9a0c6e9ef30038559f894f8454955c58b68c59618ef8229aa37cf584d4
  original:
    hackage: monoidal-containers-0.4.0.0
- completed:
    hackage: dependent-sum-template-0.0.0.6@sha256:5d82aeb6f5bc5694aef36a1ecd43a86349bfb12aa58d757cf7b7b27e9da1b5c8,1237
    pantry-tree:
      size: 306
      sha256: 2d8e57f7623ba4969fb4762b30175ab0ef4f8f39c7f7515173fe67424032f0d3
  original:
    hackage: dependent-sum-template-0.0.0.6
- completed:
    hackage: ghcjs-dom-0.9.2.0@sha256:82c486ac00418394aef384dcc656ea1f7da971e29e7971ff36cff7c132834a8e,24242
    pantry-tree:
      size: 156
      sha256: b80c457c1be602dc596c33ed1aa592a3af78f8daba605af4027a5b8622378940
  original:
    hackage: ghcjs-dom-0.9.2.0
- completed:
    hackage: ghcjs-dom-jsffi-0.9.2.0@sha256:99199d4bf0e20b7786bb5582defb9a2ae68e5dc077593da0b60f4c9bcb11b20a,82927
    pantry-tree:
      size: 54114
      sha256: 5a1140df9df7c2f6a9faacb7debac0c16a428305621129c84d4eef4e45f8b793
  original:
    hackage: ghcjs-dom-jsffi-0.9.2.0
- completed:
    hackage: jsaddle-0.9.5.0@sha256:29c5194691def037e9481717bee2e15267d67b2e5ce116d06f38835673cfe7b8,4523
    pantry-tree:
      size: 4329
      sha256: 1d15a48106f3f1e41aafe4a0ef5ec3f7eeab5d52fb3d7ca9efc17ab22e6a1652
  original:
    hackage: jsaddle-0.9.5.0
- completed:
    hackage: prim-uniq-0.1.0.1@sha256:23f15867b381b49e3f09f69fba318b0ee0e505d5fe0df82f3fcdf3f5c2886291,1201
    pantry-tree:
      size: 363
      sha256: c20e37eff29b7d5986c4f25ce50a0aa7805d9fa7c3dca8a898f092488d618d9e
  original:
    hackage: prim-uniq-0.1.0.1
- completed:
    hackage: ref-tf-0.4.0.1@sha256:369e5c6237e4b6fe330fde021b94a9f98971690cbec5b910faa9af3cbcb15610,1133
    pantry-tree:
      size: 211
      sha256: 81ecae4728867eaa8aff5bfcd26f05942ff8c5c3e6568a1e042db444063ea5e7
  original:
    hackage: ref-tf-0.4.0.1
- completed:
    hackage: zenc-0.1.1@sha256:e4be3e5e9fe1a1ade05910909c6e5b5a8eff72e697868b03955c9781b0443947,964
    pantry-tree:
      size: 206
      sha256: ac8bdc2a8c4b51c7bfa95802ecbab6879190787c870a9cbe0bfee220b3b2a7fe
  original:
    hackage: zenc-0.1.1
snapshots:
- completed:
    size: 523454
    url: https://raw.githubusercontent.com/commercialhaskell/stackage-snapshots/master/lts/14/2.yaml
    sha256: 593deeb8366fd69b9e3b7611759ecee87d0d76c08c2ba363b38b7fb119e9fc22
  original: lts-14.2
